
Microsoft Visual Studio Solution File, Format Version 12.00
# Visual Studio Version 17
VisualStudioVersion = 17.10.35201.131
MinimumVisualStudioVersion = 10.0.40219.1
Project("{FAE04EC0-301F-11D3-BF4B-00C04F79EFBC}") = "APIConsultas", "APIConsultas\APIConsultas.csproj", "{69BBD271-5369-41C8-B431-2559A4647E99}"
EndProject
Global
	GlobalSection(SolutionConfigurationPlatforms) = preSolution
		Debug|Any CPU = Debug|Any CPU
		Release|Any CPU = Release|Any CPU
	EndGlobalSection
	GlobalSection(ProjectConfigurationPlatforms) = postSolution
		{69BBD271-5369-41C8-B431-2559A4647E99}.Debug|Any CPU.ActiveCfg = Debug|Any CPU
		{69BBD271-5369-41C8-B431-2559A4647E99}.Debug|Any CPU.Build.0 = Debug|Any CPU
		{69BBD271-5369-41C8-B431-2559A4647E99}.Release|Any CPU.ActiveCfg = Release|Any CPU
		{69BBD271-5369-41C8-B431-2559A4647E99}.Release|Any CPU.Build.0 = Release|Any CPU
	EndGlobalSection
	GlobalSection(SolutionProperties) = preSolution
		HideSolutionNode = FALSE
	EndGlobalSection
	GlobalSection(ExtensibilityGlobals) = postSolution
		SolutionGuid = {0C0231B4-2806-4D56-A39D-B0E8B34DF8C8}
	EndGlobalSection
EndGlobal
